
Microsoft Visual Studio Solution File, Format Version 12.00
# Visual Studio Version 16
VisualStudioVersion = 16.0.31005.135
MinimumVisualStudioVersion = 10.0.40219.1
Project("{FAE04EC0-301F-11D3-BF4B-00C04F79EFBC}") = "graf_eV", "graf_eV\graf_eV.csproj", "{3717032D-F22D-472A-B439-C1F5A1D25C0B}"
EndProject
Global
	GlobalSection(SolutionConfigurationPlatforms) = preSolution
		Debug|Any CPU = Debug|Any CPU
		Release|Any CPU = Release|Any CPU
	EndGlobalSection
	GlobalSection(ProjectConfigurationPlatforms) = postSolution
		{3717032D-F22D-472A-B439-C1F5A1D25C0B}.Debug|Any CPU.ActiveCfg = Debug|Any CPU
		{3717032D-F22D-472A-B439-C1F5A1D25C0B}.Debug|Any CPU.Build.0 = Debug|Any CPU
		{3717032D-F22D-472A-B439-C1F5A1D25C0B}.Release|Any CPU.ActiveCfg = Release|Any CPU
		{3717032D-F22D-472A-B439-C1F5A1D25C0B}.Release|Any CPU.Build.0 = Release|Any CPU
	EndGlobalSection
	GlobalSection(SolutionProperties) = preSolution
		HideSolutionNode = FALSE
	EndGlobalSection
	GlobalSection(ExtensibilityGlobals) = postSolution
		SolutionGuid = {03E18CEB-CD10-4B69-9392-1E768D6B3D3F}
	EndGlobalSection
EndGlobal
